// !$*UTF8*$!
{
	archiveVersion = 1;
	classes = {
	};
	objectVersion = 56;
	objects = {

/* Begin PBXBuildFile section */
		22BD3BB7294110CA008247D0 /* AppDelegate.swift in Sources */ = {isa = PBXBuildFile; fileRef = 22BD3BB6294110CA008247D0 /* AppDelegate.swift */; };
		22BD3BB9294110CA008247D0 /* SceneDelegate.swift in Sources */ = {isa = PBXBuildFile; fileRef = 22BD3BB8294110CA008247D0 /* SceneDelegate.swift */; };
		22BD3BC1294110CA008247D0 /* Fortune_50.xcdatamodeld in Sources */ = {isa = PBXBuildFile; fileRef = 22BD3BBF294110CA008247D0 /* Fortune_50.xcdatamodeld */; };
		22BD3BC3294110CD008247D0 /* Assets.xcassets in Resources */ = {isa = PBXBuildFile; fileRef = 22BD3BC2294110CD008247D0 /* Assets.xcassets */; };
		22BD3BC6294110CD008247D0 /* LaunchScreen.storyboard in Resources */ = {isa = PBXBuildFile; fileRef = 22BD3BC4294110CD008247D0 /* LaunchScreen.storyboard */; };
		22BD3BE52941124E008247D0 /* UIViewController+Extensions.swift in Sources */ = {isa = PBXBuildFile; fileRef = 22BD3BE32941124E008247D0 /* UIViewController+Extensions.swift */; };
		22BD3BE62941124E008247D0 /* UIView+AnchorExtension.swift in Sources */ = {isa = PBXBuildFile; fileRef = 22BD3BE42941124E008247D0 /* UIView+AnchorExtension.swift */; };
		22BD3BEA29411266008247D0 /* UIView+Textfield.swift in Sources */ = {isa = PBXBuildFile; fileRef = 22BD3BE729411264008247D0 /* UIView+Textfield.swift */; };
		22BD3BEB29411266008247D0 /* UIView+Button.swift in Sources */ = {isa = PBXBuildFile; fileRef = 22BD3BE829411265008247D0 /* UIView+Button.swift */; };
		22BD3BEC29411266008247D0 /* UIView+Label.swift in Sources */ = {isa = PBXBuildFile; fileRef = 22BD3BE929411266008247D0 /* UIView+Label.swift */; };
		22BD3BEE29411285008247D0 /* LaunchVC.swift in Sources */ = {isa = PBXBuildFile; fileRef = 22BD3BED29411285008247D0 /* LaunchVC.swift */; };
		22BD3BF1294116F8008247D0 /* CompanysListVC.swift in Sources */ = {isa = PBXBuildFile; fileRef = 22BD3BF0294116F8008247D0 /* CompanysListVC.swift */; };
		22BD3BF329411883008247D0 /* CompanyResponse.swift in Sources */ = {isa = PBXBuildFile; fileRef = 22BD3BF229411882008247D0 /* CompanyResponse.swift */; };
		22BD3BF52941193C008247D0 /* NetworkService.swift in Sources */ = {isa = PBXBuildFile; fileRef = 22BD3BF42941193C008247D0 /* NetworkService.swift */; };
		22BD3BF729411C29008247D0 /* NetworkError.swift in Sources */ = {isa = PBXBuildFile; fileRef = 22BD3BF629411C29008247D0 /* NetworkError.swift */; };
		22BD3BF929412143008247D0 /* CompanyListFeedCell.swift in Sources */ = {isa = PBXBuildFile; fileRef = 22BD3BF829412143008247D0 /* CompanyListFeedCell.swift */; };
		22BD3BFC294123CC008247D0 /* FavouritesListVC.swift in Sources */ = {isa = PBXBuildFile; fileRef = 22BD3BFB294123CC008247D0 /* FavouritesListVC.swift */; };
/* End PBXBuildFile section */

/* Begin PBXFileReference section */
		22BD3BB3294110CA008247D0 /* Fortune 50.app */ = {isa = PBXFileReference; explicitFileType = wrapper.application; includeInIndex = 0; path = "Fortune 50.app"; sourceTree = BUILT_PRODUCTS_DIR; };
		22BD3BB6294110CA008247D0 /* AppDelegate.swift */ = {isa = PBXFileReference; lastKnownFileType = sourcecode.swift; path = AppDelegate.swift; sourceTree = "<group>"; };
		22BD3BB8294110CA008247D0 /* SceneDelegate.swift */ = {isa = PBXFileReference; lastKnownFileType = sourcecode.swift; path = SceneDelegate.swift; sourceTree = "<group>"; };
		22BD3BC0294110CA008247D0 /* Fortune_50.xcdatamodel */ = {isa = PBXFileReference; lastKnownFileType = wrapper.xcdatamodel; path = Fortune_50.xcdatamodel; sourceTree = "<group>"; };
		22BD3BC2294110CD008247D0 /* Assets.xcassets */ = {isa = PBXFileReference; lastKnownFileType = folder.assetcatalog; path = Assets.xcassets; sourceTree = "<group>"; };
		22BD3BC5294110CD008247D0 /* Base */ = {isa = PBXFileReference; lastKnownFileType = file.storyboard; name = Base; path = Base.lproj/LaunchScreen.storyboard; sourceTree = "<group>"; };
		22BD3BC7294110CD008247D0 /* Info.plist */ = {isa = PBXFileReference; lastKnownFileType = text.plist.xml; path = Info.plist; sourceTree = "<group>"; };
		22BD3BE32941124E008247D0 /* UIViewController+Extensions.swift */ = {isa = PBXFileReference; fileEncoding = 4; lastKnownFileType = sourcecode.swift; path = "UIViewController+Extensions.swift"; sourceTree = "<group>"; };
		22BD3BE42941124E008247D0 /* UIView+AnchorExtension.swift */ = {isa = PBXFileReference; fileEncoding = 4; lastKnownFileType = sourcecode.swift; path = "UIView+AnchorExtension.swift"; sourceTree = "<group>"; };
		22BD3BE729411264008247D0 /* UIView+Textfield.swift */ = {isa = PBXFileReference; fileEncoding = 4; lastKnownFileType = sourcecode.swift; path = "UIView+Textfield.swift"; sourceTree = "<group>"; };
		22BD3BE829411265008247D0 /* UIView+Button.swift */ = {isa = PBXFileReference; fileEncoding = 4; lastKnownFileType = sourcecode.swift; path = "UIView+Button.swift"; sourceTree = "<group>"; };
		22BD3BE929411266008247D0 /* UIView+Label.swift */ = {isa = PBXFileReference; fileEncoding = 4; lastKnownFileType = sourcecode.swift; path = "UIView+Label.swift"; sourceTree = "<group>"; };
		22BD3BED29411285008247D0 /* LaunchVC.swift */ = {isa = PBXFileReference; lastKnownFileType = sourcecode.swift; path = LaunchVC.swift; sourceTree = "<group>"; };
		22BD3BF0294116F8008247D0 /* CompanysListVC.swift */ = {isa = PBXFileReference; lastKnownFileType = sourcecode.swift; path = CompanysListVC.swift; sourceTree = "<group>"; };
		22BD3BF229411882008247D0 /* CompanyResponse.swift */ = {isa = PBXFileReference; lastKnownFileType = sourcecode.swift; path = CompanyResponse.swift; sourceTree = "<group>"; };
		22BD3BF42941193C008247D0 /* NetworkService.swift */ = {isa = PBXFileReference; lastKnownFileType = sourcecode.swift; path = NetworkService.swift; sourceTree = "<group>"; };
		22BD3BF629411C29008247D0 /* NetworkError.swift */ = {isa = PBXFileReference; lastKnownFileType = sourcecode.swift; path = NetworkError.swift; sourceTree = "<group>"; };
		22BD3BF829412143008247D0 /* CompanyListFeedCell.swift */ = {isa = PBXFileReference; lastKnownFileType = sourcecode.swift; path = CompanyListFeedCell.swift; sourceTree = "<group>"; };
		22BD3BFB294123CC008247D0 /* FavouritesListVC.swift */ = {isa = PBXFileReference; lastKnownFileType = sourcecode.swift; path = FavouritesListVC.swift; sourceTree = "<group>"; };
/* End PBXFileReference section */

/* Begin PBXFrameworksBuildPhase section */
		22BD3BB0294110CA008247D0 /* Frameworks */ = {
			isa = PBXFrameworksBuildPhase;
			buildActionMask = 2147483647;
			files = (
			);
			runOnlyForDeploymentPostprocessing = 0;
		};
/* End PBXFrameworksBuildPhase section */

/* Begin PBXGroup section */
		22BD3BAA294110CA008247D0 = {
			isa = PBXGroup;
			children = (
				22BD3BB5294110CA008247D0 /* Fortune 50 */,
				22BD3BB4294110CA008247D0 /* Products */,
			);
			sourceTree = "<group>";
		};
		22BD3BB4294110CA008247D0 /* Products */ = {
			isa = PBXGroup;
			children = (
				22BD3BB3294110CA008247D0 /* Fortune 50.app */,
			);
			name = Products;
			sourceTree = "<group>";
		};
		22BD3BB5294110CA008247D0 /* Fortune 50 */ = {
			isa = PBXGroup;
			children = (
				22BD3BC7294110CD008247D0 /* Info.plist */,
				22BD3BD329411176008247D0 /* App+Scene Delegate */,
				22BD3BD22941116E008247D0 /* API+Persistence */,
				22BD3BD129411159008247D0 /* Utils */,
				22BD3BD02941114A008247D0 /* Resources */,
				22BD3BCF29411147008247D0 /* Models */,
				22BD3BCE29411144008247D0 /* Views */,
				22BD3BCD2941113F008247D0 /* Controllers */,
			);
			path = "Fortune 50";
			sourceTree = "<group>";
		};
		22BD3BCD2941113F008247D0 /* Controllers */ = {
			isa = PBXGroup;
			children = (
				22BD3BFA294123B4008247D0 /* FavouritesList */,
				22BD3BEF294116C2008247D0 /* CompanyListFeed */,
				22BD3BD429411190008247D0 /* Launch Screen */,
			);
			path = Controllers;
			sourceTree = "<group>";
		};
		22BD3BCE29411144008247D0 /* Views */ = {
			isa = PBXGroup;
			children = (
				22BD3BF829412143008247D0 /* CompanyListFeedCell.swift */,
			);
			path = Views;
			sourceTree = "<group>";
		};
		22BD3BCF29411147008247D0 /* Models */ = {
			isa = PBXGroup;
			children = (
				22BD3BF229411882008247D0 /* CompanyResponse.swift */,
			);
			path = Models;
			sourceTree = "<group>";
		};
		22BD3BD02941114A008247D0 /* Resources */ = {
			isa = PBXGroup;
			children = (
				22BD3BD7294111C4008247D0 /* User Interface */,
			);
			path = Resources;
			sourceTree = "<group>";
		};
		22BD3BD129411159008247D0 /* Utils */ = {
			isa = PBXGroup;
			children = (
				22BD3BE22941122C008247D0 /* Protocols */,
				22BD3BE129411227008247D0 /* Constants */,
				22BD3BE02941121D008247D0 /* Extensions */,
			);
			path = Utils;
			sourceTree = "<group>";
		};
		22BD3BD22941116E008247D0 /* API+Persistence */ = {
			isa = PBXGroup;
			children = (
				22BD3BDC294111E5008247D0 /* Network Service */,
				22BD3BDB294111E1008247D0 /* Core Data */,
			);
			path = "API+Persistence";
			sourceTree = "<group>";
		};
		22BD3BD329411176008247D0 /* App+Scene Delegate */ = {
			isa = PBXGroup;
			children = (
				22BD3BB6294110CA008247D0 /* AppDelegate.swift */,
				22BD3BB8294110CA008247D0 /* SceneDelegate.swift */,
			);
			path = "App+Scene Delegate";
			sourceTree = "<group>";
		};
		22BD3BD429411190008247D0 /* Launch Screen */ = {
			isa = PBXGroup;
			children = (
				22BD3BC4294110CD008247D0 /* LaunchScreen.storyboard */,
				22BD3BED29411285008247D0 /* LaunchVC.swift */,
			);
			path = "Launch Screen";
			sourceTree = "<group>";
		};
		22BD3BD7294111C4008247D0 /* User Interface */ = {
			isa = PBXGroup;
			children = (
				22BD3BDA294111D4008247D0 /* Assets */,
				22BD3BD9294111D0008247D0 /* UI Elements */,
				22BD3BD8294111C9008247D0 /* UI Constants */,
			);
			path = "User Interface";
			sourceTree = "<group>";
		};
		22BD3BD8294111C9008247D0 /* UI Constants */ = {
			isa = PBXGroup;
			children = (
			);
			path = "UI Constants";
			sourceTree = "<group>";
		};
		22BD3BD9294111D0008247D0 /* UI Elements */ = {
			isa = PBXGroup;
			children = (
				22BD3BE829411265008247D0 /* UIView+Button.swift */,
				22BD3BE929411266008247D0 /* UIView+Label.swift */,
				22BD3BE729411264008247D0 /* UIView+Textfield.swift */,
			);
			path = "UI Elements";
			sourceTree = "<group>";
		};
		22BD3BDA294111D4008247D0 /* Assets */ = {
			isa = PBXGroup;
			children = (
				22BD3BC2294110CD008247D0 /* Assets.xcassets */,
			);
			path = Assets;
			sourceTree = "<group>";
		};
		22BD3BDB294111E1008247D0 /* Core Data */ = {
			isa = PBXGroup;
			children = (
				22BD3BDF294111F6008247D0 /* Helpers */,
				22BD3BDE294111F4008247D0 /* Models */,
				22BD3BDD294111F0008247D0 /* Data Store */,
			);
			path = "Core Data";
			sourceTree = "<group>";
		};
		22BD3BDC294111E5008247D0 /* Network Service */ = {
			isa = PBXGroup;
			children = (
				22BD3BF42941193C008247D0 /* NetworkService.swift */,
				22BD3BF629411C29008247D0 /* NetworkError.swift */,
			);
			path = "Network Service";
			sourceTree = "<group>";
		};
		22BD3BDD294111F0008247D0 /* Data Store */ = {
			isa = PBXGroup;
			children = (
				22BD3BBF294110CA008247D0 /* Fortune_50.xcdatamodeld */,
			);
			path = "Data Store";
			sourceTree = "<group>";
		};
		22BD3BDE294111F4008247D0 /* Models */ = {
			isa = PBXGroup;
			children = (
			);
			path = Models;
			sourceTree = "<group>";
		};
		22BD3BDF294111F6008247D0 /* Helpers */ = {
			isa = PBXGroup;
			children = (
			);
			path = Helpers;
			sourceTree = "<group>";
		};
		22BD3BE02941121D008247D0 /* Extensions */ = {
			isa = PBXGroup;
			children = (
				22BD3BE42941124E008247D0 /* UIView+AnchorExtension.swift */,
				22BD3BE32941124E008247D0 /* UIViewController+Extensions.swift */,
			);
			path = Extensions;
			sourceTree = "<group>";
		};
		22BD3BE129411227008247D0 /* Constants */ = {
			isa = PBXGroup;
			children = (
			);
			path = Constants;
			sourceTree = "<group>";
		};
		22BD3BE22941122C008247D0 /* Protocols */ = {
			isa = PBXGroup;
			children = (
			);
			path = Protocols;
			sourceTree = "<group>";
		};
		22BD3BEF294116C2008247D0 /* CompanyListFeed */ = {
			isa = PBXGroup;
			children = (
				22BD3BF0294116F8008247D0 /* CompanysListVC.swift */,
			);
			path = CompanyListFeed;
			sourceTree = "<group>";
		};
		22BD3BFA294123B4008247D0 /* FavouritesList */ = {
			isa = PBXGroup;
			children = (
				22BD3BFB294123CC008247D0 /* FavouritesListVC.swift */,
			);
			path = FavouritesList;
			sourceTree = "<group>";
		};
/* End PBXGroup section */

/* Begin PBXNativeTarget section */
		22BD3BB2294110CA008247D0 /* Fortune 50 */ = {
			isa = PBXNativeTarget;
			buildConfigurationList = 22BD3BCA294110CD008247D0 /* Build configuration list for PBXNativeTarget "Fortune 50" */;
			buildPhases = (
				22BD3BAF294110CA008247D0 /* Sources */,
				22BD3BB0294110CA008247D0 /* Frameworks */,
				22BD3BB1294110CA008247D0 /* Resources */,
			);
			buildRules = (
			);
			dependencies = (
			);
			name = "Fortune 50";
			productName = "Fortune 50";
			productReference = 22BD3BB3294110CA008247D0 /* Fortune 50.app */;
			productType = "com.apple.product-type.application";
		};
/* End PBXNativeTarget section */

/* Begin PBXProject section */
		22BD3BAB294110CA008247D0 /* Project object */ = {
			isa = PBXProject;
			attributes = {
				BuildIndependentTargetsInParallel = 1;
				LastSwiftUpdateCheck = 1410;
				LastUpgradeCheck = 1410;
				TargetAttributes = {
					22BD3BB2294110CA008247D0 = {
						CreatedOnToolsVersion = 14.1;
					};
				};
			};
			buildConfigurationList = 22BD3BAE294110CA008247D0 /* Build configuration list for PBXProject "Fortune 50" */;
			compatibilityVersion = "Xcode 14.0";
			developmentRegion = en;
			hasScannedForEncodings = 0;
			knownRegions = (
				en,
				Base,
			);
			mainGroup = 22BD3BAA294110CA008247D0;
			productRefGroup = 22BD3BB4294110CA008247D0 /* Products */;
			projectDirPath = "";
			projectRoot = "";
			targets = (
				22BD3BB2294110CA008247D0 /* Fortune 50 */,
			);
		};
/* End PBXProject section */

/* Begin PBXResourcesBuildPhase section */
		22BD3BB1294110CA008247D0 /* Resources */ = {
			isa = PBXResourcesBuildPhase;
			buildActionMask = 2147483647;
			files = (
				22BD3BC6294110CD008247D0 /* LaunchScreen.storyboard in Resources */,
				22BD3BC3294110CD008247D0 /* Assets.xcassets in Resources */,
			);
			runOnlyForDeploymentPostprocessing = 0;
		};
/* End PBXResourcesBuildPhase section */

/* Begin PBXSourcesBuildPhase section */
		22BD3BAF294110CA008247D0 /* Sources */ = {
			isa = PBXSourcesBuildPhase;
			buildActionMask = 2147483647;
			files = (
				22BD3BF1294116F8008247D0 /* CompanysListVC.swift in Sources */,
				22BD3BEA29411266008247D0 /* UIView+Textfield.swift in Sources */,
				22BD3BEC29411266008247D0 /* UIView+Label.swift in Sources */,
				22BD3BFC294123CC008247D0 /* FavouritesListVC.swift in Sources */,
				22BD3BE52941124E008247D0 /* UIViewController+Extensions.swift in Sources */,
				22BD3BB7294110CA008247D0 /* AppDelegate.swift in Sources */,
				22BD3BEB29411266008247D0 /* UIView+Button.swift in Sources */,
				22BD3BF329411883008247D0 /* CompanyResponse.swift in Sources */,
				22BD3BEE29411285008247D0 /* LaunchVC.swift in Sources */,
				22BD3BC1294110CA008247D0 /* Fortune_50.xcdatamodeld in Sources */,
				22BD3BE62941124E008247D0 /* UIView+AnchorExtension.swift in Sources */,
				22BD3BF729411C29008247D0 /* NetworkError.swift in Sources */,
				22BD3BF929412143008247D0 /* CompanyListFeedCell.swift in Sources */,
				22BD3BF52941193C008247D0 /* NetworkService.swift in Sources */,
				22BD3BB9294110CA008247D0 /* SceneDelegate.swift in Sources */,
			);
			runOnlyForDeploymentPostprocessing = 0;
		};
/* End PBXSourcesBuildPhase section */

/* Begin PBXVariantGroup section */
		22BD3BC4294110CD008247D0 /* LaunchScreen.storyboard */ = {
			isa = PBXVariantGroup;
			children = (
				22BD3BC5294110CD008247D0 /* Base */,
			);
			name = LaunchScreen.storyboard;
			sourceTree = "<group>";
		};
/* End PBXVariantGroup section */

/* Begin XCBuildConfiguration section */
		22BD3BC8294110CD008247D0 /* Debug */ = {
			isa = XCBuildConfiguration;
			buildSettings = {
				ALWAYS_SEARCH_USER_PATHS = NO;
				CLANG_ANALYZER_NONNULL = YES;
				CLANG_ANALYZER_NUMBER_OBJECT_CONVERSION = YES_AGGRESSIVE;
				CLANG_CXX_LANGUAGE_STANDARD = "gnu++20";
				CLANG_ENABLE_MODULES = YES;
				CLANG_ENABLE_OBJC_ARC = YES;
				CLANG_ENABLE_OBJC_WEAK = YES;
				CLANG_WARN_BLOCK_CAPTURE_AUTORELEASING = YES;
				CLANG_WARN_BOOL_CONVERSION = YES;
				CLANG_WARN_COMMA = YES;
				CLANG_WARN_CONSTANT_CONVERSION = YES;
				CLANG_WARN_DEPRECATED_OBJC_IMPLEMENTATIONS = YES;
				CLANG_WARN_DIRECT_OBJC_ISA_USAGE = YES_ERROR;
				CLANG_WARN_DOCUMENTATION_COMMENTS = YES;
				CLANG_WARN_EMPTY_BODY = YES;
				CLANG_WARN_ENUM_CONVERSION = YES;
				CLANG_WARN_INFINITE_RECURSION = YES;
				CLANG_WARN_INT_CONVERSION = YES;
				CLANG_WARN_NON_LITERAL_NULL_CONVERSION = YES;
				CLANG_WARN_OBJC_IMPLICIT_RETAIN_SELF = YES;
				CLANG_WARN_OBJC_LITERAL_CONVERSION = YES;
				CLANG_WARN_OBJC_ROOT_CLASS = YES_ERROR;
				CLANG_WARN_QUOTED_INCLUDE_IN_FRAMEWORK_HEADER = YES;
				CLANG_WARN_RANGE_LOOP_ANALYSIS = YES;
				CLANG_WARN_STRICT_PROTOTYPES = YES;
				CLANG_WARN_SUSPICIOUS_MOVE = YES;
				CLANG_WARN_UNGUARDED_AVAILABILITY = YES_AGGRESSIVE;
				CLANG_WARN_UNREACHABLE_CODE = YES;
				CLANG_WARN__DUPLICATE_METHOD_MATCH = YES;
				COPY_PHASE_STRIP = NO;
				DEBUG_INFORMATION_FORMAT = dwarf;
				ENABLE_STRICT_OBJC_MSGSEND = YES;
				ENABLE_TESTABILITY = YES;
				GCC_C_LANGUAGE_STANDARD = gnu11;
				GCC_DYNAMIC_NO_PIC = NO;
				GCC_NO_COMMON_BLOCKS = YES;
				GCC_OPTIMIZATION_LEVEL = 0;
				GCC_PREPROCESSOR_DEFINITIONS = (
					"DEBUG=1",
					"$(inherited)",
				);
				GCC_WARN_64_TO_32_BIT_CONVERSION = YES;
				GCC_WARN_ABOUT_RETURN_TYPE = YES_ERROR;
				GCC_WARN_UNDECLARED_SELECTOR = YES;
				GCC_WARN_UNINITIALIZED_AUTOS = YES_AGGRESSIVE;
				GCC_WARN_UNUSED_FUNCTION = YES;
				GCC_WARN_UNUSED_VARIABLE = YES;
				IPHONEOS_DEPLOYMENT_TARGET = 16.1;
				MTL_ENABLE_DEBUG_INFO = INCLUDE_SOURCE;
				MTL_FAST_MATH = YES;
				ONLY_ACTIVE_ARCH = YES;
				SDKROOT = iphoneos;
				SWIFT_ACTIVE_COMPILATION_CONDITIONS = DEBUG;
				SWIFT_OPTIMIZATION_LEVEL = "-Onone";
			};
			name = Debug;
		};
		22BD3BC9294110CD008247D0 /* Release */ = {
			isa = XCBuildConfiguration;
			buildSettings = {
				ALWAYS_SEARCH_USER_PATHS = NO;
				CLANG_ANALYZER_NONNULL = YES;
				CLANG_ANALYZER_NUMBER_OBJECT_CONVERSION = YES_AGGRESSIVE;
				CLANG_CXX_LANGUAGE_STANDARD = "gnu++20";
				CLANG_ENABLE_MODULES = YES;
				CLANG_ENABLE_OBJC_ARC = YES;
				CLANG_ENABLE_OBJC_WEAK = YES;
				CLANG_WARN_BLOCK_CAPTURE_AUTORELEASING = YES;
				CLANG_WARN_BOOL_CONVERSION = YES;
				CLANG_WARN_COMMA = YES;
				CLANG_WARN_CONSTANT_CONVERSION = YES;
				CLANG_WARN_DEPRECATED_OBJC_IMPLEMENTATIONS = YES;
				CLANG_WARN_DIRECT_OBJC_ISA_USAGE = YES_ERROR;
				CLANG_WARN_DOCUMENTATION_COMMENTS = YES;
				CLANG_WARN_EMPTY_BODY = YES;
				CLANG_WARN_ENUM_CONVERSION = YES;
				CLANG_WARN_INFINITE_RECURSION = YES;
				CLANG_WARN_INT_CONVERSION = YES;
				CLANG_WARN_NON_LITERAL_NULL_CONVERSION = YES;
				CLANG_WARN_OBJC_IMPLICIT_RETAIN_SELF = YES;
				CLANG_WARN_OBJC_LITERAL_CONVERSION = YES;
				CLANG_WARN_OBJC_ROOT_CLASS = YES_ERROR;
				CLANG_WARN_QUOTED_INCLUDE_IN_FRAMEWORK_HEADER = YES;
				CLANG_WARN_RANGE_LOOP_ANALYSIS = YES;
				CLANG_WARN_STRICT_PROTOTYPES = YES;
				CLANG_WARN_SUSPICIOUS_MOVE = YES;
				CLANG_WARN_UNGUARDED_AVAILABILITY = YES_AGGRESSIVE;
				CLANG_WARN_UNREACHABLE_CODE = YES;
				CLANG_WARN__DUPLICATE_METHOD_MATCH = YES;
				COPY_PHASE_STRIP = NO;
				DEBUG_INFORMATION_FORMAT = "dwarf-with-dsym";
				ENABLE_NS_ASSERTIONS = NO;
				ENABLE_STRICT_OBJC_MSGSEND = YES;
				GCC_C_LANGUAGE_STANDARD = gnu11;
				GCC_NO_COMMON_BLOCKS = YES;
				GCC_WARN_64_TO_32_BIT_CONVERSION = YES;
				GCC_WARN_ABOUT_RETURN_TYPE = YES_ERROR;
				GCC_WARN_UNDECLARED_SELECTOR = YES;
				GCC_WARN_UNINITIALIZED_AUTOS = YES_AGGRESSIVE;
				GCC_WARN_UNUSED_FUNCTION = YES;
				GCC_WARN_UNUSED_VARIABLE = YES;
				IPHONEOS_DEPLOYMENT_TARGET = 16.1;
				MTL_ENABLE_DEBUG_INFO = NO;
				MTL_FAST_MATH = YES;
				SDKROOT = iphoneos;
				SWIFT_COMPILATION_MODE = wholemodule;
				SWIFT_OPTIMIZATION_LEVEL = "-O";
				VALIDATE_PRODUCT = YES;
			};
			name = Release;
		};
		22BD3BCB294110CD008247D0 /* Debug */ = {
			isa = XCBuildConfiguration;
			buildSettings = {
				ASSETCATALOG_COMPILER_APPICON_NAME = AppIcon;
				ASSETCATALOG_COMPILER_GLOBAL_ACCENT_COLOR_NAME = AccentColor;
				CODE_SIGN_STYLE = Automatic;
				CURRENT_PROJECT_VERSION = 1;
				DEVELOPMENT_TEAM = QNJADY7N3K;
				GENERATE_INFOPLIST_FILE = YES;
				INFOPLIST_FILE = "Fortune 50/Info.plist";
				INFOPLIST_KEY_UIApplicationSupportsIndirectInputEvents = YES;
				INFOPLIST_KEY_UILaunchStoryboardName = LaunchScreen;
				INFOPLIST_KEY_UISupportedInterfaceOrientations = UIInterfaceOrientationPortrait;
				INFOPLIST_KEY_UISupportedInterfaceOrientations_iPad = "UIInterfaceOrientationLandscapeLeft UIInterfaceOrientationLandscapeRight UIInterfaceOrientationPortrait UIInterfaceOrientationPortraitUpsideDown";
				IPHONEOS_DEPLOYMENT_TARGET = 14.0;
				LD_RUNPATH_SEARCH_PATHS = (
					"$(inherited)",
					"@executable_path/Frameworks",
				);
				MARKETING_VERSION = 1.0;
				PRODUCT_BUNDLE_IDENTIFIER = "com.pranavbadgi.Fortune-50";
				PRODUCT_NAME = "$(TARGET_NAME)";
				SUPPORTED_PLATFORMS = "iphoneos iphonesimulator";
				SUPPORTS_MACCATALYST = NO;
				SUPPORTS_MAC_DESIGNED_FOR_IPHONE_IPAD = NO;
				SWIFT_EMIT_LOC_STRINGS = YES;
				SWIFT_VERSION = 5.0;
				TARGETED_DEVICE_FAMILY = 1;
			};
			name = Debug;
		};
		22BD3BCC294110CD008247D0 /* Release */ = {
			isa = XCBuildConfiguration;
			buildSettings = {
				ASSETCATALOG_COMPILER_APPICON_NAME = AppIcon;
				ASSETCATALOG_COMPILER_GLOBAL_ACCENT_COLOR_NAME = AccentColor;
				CODE_SIGN_STYLE = Automatic;
				CURRENT_PROJECT_VERSION = 1;
				DEVELOPMENT_TEAM = QNJADY7N3K;
				GENERATE_INFOPLIST_FILE = YES;
				INFOPLIST_FILE = "Fortune 50/Info.plist";
				INFOPLIST_KEY_UIApplicationSupportsIndirectInputEvents = YES;
				INFOPLIST_KEY_UILaunchStoryboardName = LaunchScreen;
				INFOPLIST_KEY_UISupportedInterfaceOrientations = UIInterfaceOrientationPortrait;
				INFOPLIST_KEY_UISupportedInterfaceOrientations_iPad = "UIInterfaceOrientationLandscapeLeft UIInterfaceOrientationLandscapeRight UIInterfaceOrientationPortrait UIInterfaceOrientationPortraitUpsideDown";
				IPHONEOS_DEPLOYMENT_TARGET = 14.0;
				LD_RUNPATH_SEARCH_PATHS = (
					"$(inherited)",
					"@executable_path/Frameworks",
				);
				MARKETING_VERSION = 1.0;
				PRODUCT_BUNDLE_IDENTIFIER = "com.pranavbadgi.Fortune-50";
				PRODUCT_NAME = "$(TARGET_NAME)";
				SUPPORTED_PLATFORMS = "iphoneos iphonesimulator";
				SUPPORTS_MACCATALYST = NO;
				SUPPORTS_MAC_DESIGNED_FOR_IPHONE_IPAD = NO;
				SWIFT_EMIT_LOC_STRINGS = YES;
				SWIFT_VERSION = 5.0;
				TARGETED_DEVICE_FAMILY = 1;
			};
			name = Release;
		};
/* End XCBuildConfiguration section */

/* Begin XCConfigurationList section */
		22BD3BAE294110CA008247D0 /* Build configuration list for PBXProject "Fortune 50" */ = {
			isa = XCConfigurationList;
			buildConfigurations = (
				22BD3BC8294110CD008247D0 /* Debug */,
				22BD3BC9294110CD008247D0 /* Release */,
			);
			defaultConfigurationIsVisible = 0;
			defaultConfigurationName = Release;
		};
		22BD3BCA294110CD008247D0 /* Build configuration list for PBXNativeTarget "Fortune 50" */ = {
			isa = XCConfigurationList;
			buildConfigurations = (
				22BD3BCB294110CD008247D0 /* Debug */,
				22BD3BCC294110CD008247D0 /* Release */,
			);
			defaultConfigurationIsVisible = 0;
			defaultConfigurationName = Release;
		};
/* End XCConfigurationList section */

/* Begin XCVersionGroup section */
		22BD3BBF294110CA008247D0 /* Fortune_50.xcdatamodeld */ = {
			isa = XCVersionGroup;
			children = (
				22BD3BC0294110CA008247D0 /* Fortune_50.xcdatamodel */,
			);
			currentVersion = 22BD3BC0294110CA008247D0 /* Fortune_50.xcdatamodel */;
			path = Fortune_50.xcdatamodeld;
			sourceTree = "<group>";
			versionGroupType = wrapper.xcdatamodel;
		};
/* End XCVersionGroup section */
	};
	rootObject = 22BD3BAB294110CA008247D0 /* Project object */;
}
